
Microsoft Visual Studio Solution File, Format Version 12.00
# Visual Studio Version 17
VisualStudioVersion = 17.0.31903.59
MinimumVisualStudioVersion = 10.0.40219.1
Project("{FAE04EC0-301F-11D3-BF4B-00C04F79EFBC}") = "HoldKeyPlugin", "HoldKeyPlugin/HoldKeyPlugin.csproj", "{D33F9310-E04D-44E8-A571-202C87B39D1E}"
EndProject
Project("{FAE04EC0-301F-11D3-BF4B-00C04F79EFBC}") = "HoldKeyPlugin.Tests", "HoldKeyPlugin.Tests/HoldKeyPlugin.Tests.csproj", "{9429D1B4-8451-45AE-BA90-7E28E53DCD79}"
EndProject
Global
	GlobalSection(SolutionConfigurationPlatforms) = preSolution
		Debug|Any CPU = Debug|Any CPU
		Release|Any CPU = Release|Any CPU
	EndGlobalSection
	GlobalSection(ProjectConfigurationPlatforms) = postSolution
		{D33F9310-E04D-44E8-A571-202C87B39D1E}.Debug|Any CPU.ActiveCfg = Debug|Any CPU
		{D33F9310-E04D-44E8-A571-202C87B39D1E}.Debug|Any CPU.Build.0 = Debug|Any CPU
		{D33F9310-E04D-44E8-A571-202C87B39D1E}.Release|Any CPU.ActiveCfg = Release|Any CPU
		{D33F9310-E04D-44E8-A571-202C87B39D1E}.Release|Any CPU.Build.0 = Release|Any CPU
		{9429D1B4-8451-45AE-BA90-7E28E53DCD79}.Debug|Any CPU.ActiveCfg = Debug|Any CPU
		{9429D1B4-8451-45AE-BA90-7E28E53DCD79}.Debug|Any CPU.Build.0 = Debug|Any CPU
		{9429D1B4-8451-45AE-BA90-7E28E53DCD79}.Release|Any CPU.ActiveCfg = Release|Any CPU
		{9429D1B4-8451-45AE-BA90-7E28E53DCD79}.Release|Any CPU.Build.0 = Release|Any CPU
	EndGlobalSection
EndGlobal
